
Microsoft Visual Studio Solution File, Format Version 9.00
# Visual Studio 2005
Project("{FAE04EC0-301F-11D3-BF4B-00C04F79EFBC}") = "xpressent-remote", "xpressent-remote\xpressent-remote.csproj", "{CC647D0B-5E84-443C-A92B-42F2F2B897D4}"
EndProject
Project("{B900F1C2-3D47-4FEC-85B3-04AAF18C3634}") = "CABInstaller", "CABInstaller\CABInstaller.vddproj", "{A8CE8913-72F3-4758-B770-C453E9017CAD}"
EndProject
Global
	GlobalSection(SolutionConfigurationPlatforms) = preSolution
		Debug|Any CPU = Debug|Any CPU
		Release|Any CPU = Release|Any CPU
	EndGlobalSection
	GlobalSection(ProjectConfigurationPlatforms) = postSolution
		{CC647D0B-5E84-443C-A92B-42F2F2B897D4}.Debug|Any CPU.ActiveCfg = Debug|Any CPU
		{CC647D0B-5E84-443C-A92B-42F2F2B897D4}.Debug|Any CPU.Build.0 = Debug|Any CPU
		{CC647D0B-5E84-443C-A92B-42F2F2B897D4}.Debug|Any CPU.Deploy.0 = Debug|Any CPU
		{CC647D0B-5E84-443C-A92B-42F2F2B897D4}.Release|Any CPU.ActiveCfg = Release|Any CPU
		{CC647D0B-5E84-443C-A92B-42F2F2B897D4}.Release|Any CPU.Build.0 = Release|Any CPU
		{CC647D0B-5E84-443C-A92B-42F2F2B897D4}.Release|Any CPU.Deploy.0 = Release|Any CPU
		{A8CE8913-72F3-4758-B770-C453E9017CAD}.Debug|Any CPU.ActiveCfg = Debug
		{A8CE8913-72F3-4758-B770-C453E9017CAD}.Debug|Any CPU.Build.0 = Debug
		{A8CE8913-72F3-4758-B770-C453E9017CAD}.Release|Any CPU.ActiveCfg = Release
		{A8CE8913-72F3-4758-B770-C453E9017CAD}.Release|Any CPU.Build.0 = Release
	EndGlobalSection
	GlobalSection(SolutionProperties) = preSolution
		HideSolutionNode = FALSE
	EndGlobalSection
EndGlobal
